{
  "version": 4,
  "terraform_version": "1.6.6",
  "serial": 240,
  "lineage": "95f05b63-7509-e485-7ca9-a64c11932080",
  "outputs": {
    "api_endpoint": {
      "value": "http://fx79agscbk.execute-api.localhost.localstack.cloud:4566/dev/ingest",
      "type": "string"
    },
    "lambda_function": {
      "value": "consumer",
      "type": "string"
    }
  },
  "resources": [
    {
      "mode": "data",
      "type": "aws_caller_identity",
      "name": "current",
      "provider": "provider[\"registry.terraform.io/hashicorp/aws\"]",
      "instances": [
        {
          "schema_version": 0,
          "attributes": {
            "account_id": "000000000000",
            "arn": "arn:aws:iam::000000000000:root",
            "id": "000000000000",
            "user_id": "AKIAIOSFODNN7EXAMPLE"
          },
          "sensitive_attributes": []
        }
      ]
    },
    {
      "mode": "data",
      "type": "aws_region",
      "name": "current",
      "provider": "provider[\"registry.terraform.io/hashicorp/aws\"]",
      "instances": [
        {
          "schema_version": 0,
          "attributes": {
            "description": "US East (N. Virginia)",
            "endpoint": "ec2.us-east-1.amazonaws.com",
            "id": "us-east-1",
            "name": "us-east-1"
          },
          "sensitive_attributes": []
        }
      ]
    },
    {
      "mode": "managed",
      "type": "aws_api_gateway_deployment",
      "name": "deployment",
      "provider": "provider[\"registry.terraform.io/hashicorp/aws\"]",
      "instances": [
        {
          "schema_version": 0,
          "attributes": {
            "created_date": "2024-01-21T23:38:23Z",
            "description": "",
            "execution_arn": "arn:aws:execute-api:us-east-1::fx79agscbk/dev",
            "id": "aub3iqo2cm",
            "invoke_url": "https://fx79agscbk.execute-api.us-east-1.amazonaws.com/dev",
            "rest_api_id": "fx79agscbk",
            "stage_description": null,
            "stage_name": "dev",
            "triggers": null,
            "variables": null
          },
          "sensitive_attributes": [],
          "private": "bnVsbA==",
          "dependencies": [
            "aws_api_gateway_integration.integration",
            "aws_api_gateway_method.method",
            "aws_api_gateway_model.model",
            "aws_api_gateway_request_validator.validator",
            "aws_api_gateway_resource.ingest",
            "aws_api_gateway_rest_api.rest",
            "aws_iam_role.apigw-role",
            "aws_kinesis_stream.stream",
            "data.aws_region.current"
          ]
        }
      ]
    },
    {
      "mode": "managed",
      "type": "aws_api_gateway_integration",
      "name": "integration",
      "provider": "provider[\"registry.terraform.io/hashicorp/aws\"]",
      "instances": [
        {
          "schema_version": 0,
          "attributes": {
            "cache_key_parameters": null,
            "cache_namespace": "u7uzdb8dsj",
            "connection_id": "",
            "connection_type": "INTERNET",
            "content_handling": "",
            "credentials": "arn:aws:iam::000000000000:role/vr-labs-api_gateway_invocation",
            "http_method": "POST",
            "id": "agi-fx79agscbk-u7uzdb8dsj-POST",
            "integration_http_method": "POST",
            "passthrough_behavior": "NEVER",
            "request_parameters": {
              "integration.request.header.Content-Type": "'application/x-amz-json-1.1'"
            },
            "request_templates": {
              "application/json": "            {\n                \"Data\": \"$util.base64Encode($input.body)\",\n                \"PartitionKey\": \"$util.escapeJavaScript($input.params('ingest'))\",\n                \"StreamName\": \"vr-labs-timeseries-ingest-stream\"\n            }\n"
            },
            "resource_id": "u7uzdb8dsj",
            "rest_api_id": "fx79agscbk",
            "timeout_milliseconds": 29000,
            "tls_config": [],
            "type": "AWS",
            "uri": "arn:aws:apigateway:us-east-1:kinesis:action/PutRecord"
          },
          "sensitive_attributes": [],
          "private": "bnVsbA==",
          "dependencies": [
            "aws_api_gateway_method.method",
            "aws_api_gateway_model.model",
            "aws_api_gateway_request_validator.validator",
            "aws_api_gateway_resource.ingest",
            "aws_api_gateway_rest_api.rest",
            "aws_iam_role.apigw-role",
            "aws_kinesis_stream.stream",
            "data.aws_region.current"
          ]
        }
      ]
    },
    {
      "mode": "managed",
      "type": "aws_api_gateway_integration_response",
      "name": "integration_error_response",
      "provider": "provider[\"registry.terraform.io/hashicorp/aws\"]",
      "instances": [
        {
          "schema_version": 0,
          "attributes": {
            "content_handling": "",
            "http_method": "POST",
            "id": "agir-fx79agscbk-u7uzdb8dsj-POST-400",
            "resource_id": "u7uzdb8dsj",
            "response_parameters": {
              "method.response.header.Access-Control-Allow-Origin": "'*'",
              "method.response.header.Content-Type": "'application/json'"
            },
            "response_templates": {
              "application/json": "        {\n            \"state\": \"error\",\n            \"mesage\": \"$util.escapeJavaScript($input.path('$.errorMessage'))\"\n        }\n"
            },
            "rest_api_id": "fx79agscbk",
            "selection_pattern": "4\\d{2}",
            "status_code": "400"
          },
          "sensitive_attributes": [],
          "private": "bnVsbA==",
          "dependencies": [
            "aws_api_gateway_integration.integration",
            "aws_api_gateway_method.method",
            "aws_api_gateway_method_response.status_code_400",
            "aws_api_gateway_model.model",
            "aws_api_gateway_request_validator.validator",
            "aws_api_gateway_resource.ingest",
            "aws_api_gateway_rest_api.rest",
            "aws_iam_role.apigw-role",
            "aws_kinesis_stream.stream",
            "data.aws_region.current"
          ]
        }
      ]
    },
    {
      "mode": "managed",
      "type": "aws_api_gateway_integration_response",
      "name": "integration_success_response",
      "provider": "provider[\"registry.terraform.io/hashicorp/aws\"]",
      "instances": [
        {
          "schema_version": 0,
          "attributes": {
            "content_handling": "",
            "http_method": "POST",
            "id": "agir-fx79agscbk-u7uzdb8dsj-POST-200",
            "resource_id": "u7uzdb8dsj",
            "response_parameters": {
              "method.response.header.Access-Control-Allow-Origin": "'*'",
              "method.response.header.Content-Type": "'application/json'"
            },
            "response_templates": {
              "application/json": "        {\n            \"state\": \"ok\"\n        }\n"
            },
            "rest_api_id": "fx79agscbk",
            "selection_pattern": "",
            "status_code": "200"
          },
          "sensitive_attributes": [],
          "private": "bnVsbA==",
          "dependencies": [
            "aws_api_gateway_integration.integration",
            "aws_api_gateway_method.method",
            "aws_api_gateway_method_response.status_code_200",
            "aws_api_gateway_model.model",
            "aws_api_gateway_request_validator.validator",
            "aws_api_gateway_resource.ingest",
            "aws_api_gateway_rest_api.rest",
            "aws_iam_role.apigw-role",
            "aws_kinesis_stream.stream",
            "data.aws_region.current"
          ]
        }
      ]
    },
    {
      "mode": "managed",
      "type": "aws_api_gateway_method",
      "name": "method",
      "provider": "provider[\"registry.terraform.io/hashicorp/aws\"]",
      "instances": [
        {
          "schema_version": 0,
          "attributes": {
            "api_key_required": false,
            "authorization": "NONE",
            "authorization_scopes": null,
            "authorizer_id": null,
            "http_method": "POST",
            "id": "agm-fx79agscbk-u7uzdb8dsj-POST",
            "operation_name": null,
            "request_models": {
              "application/json": "packet"
            },
            "request_parameters": null,
            "request_validator_id": "236315",
            "resource_id": "u7uzdb8dsj",
            "rest_api_id": "fx79agscbk"
          },
          "sensitive_attributes": [],
          "private": "bnVsbA==",
          "dependencies": [
            "aws_api_gateway_model.model",
            "aws_api_gateway_request_validator.validator",
            "aws_api_gateway_resource.ingest",
            "aws_api_gateway_rest_api.rest"
          ]
        }
      ]
    },
    {
      "mode": "managed",
      "type": "aws_api_gateway_method_response",
      "name": "status_code_200",
      "provider": "provider[\"registry.terraform.io/hashicorp/aws\"]",
      "instances": [
        {
          "schema_version": 0,
          "attributes": {
            "http_method": "POST",
            "id": "agmr-fx79agscbk-u7uzdb8dsj-POST-200",
            "resource_id": "u7uzdb8dsj",
            "response_models": null,
            "response_parameters": {
              "method.response.header.Access-Control-Allow-Origin": true,
              "method.response.header.Content-Type": true
            },
            "rest_api_id": "fx79agscbk",
            "status_code": "200"
          },
          "sensitive_attributes": [],
          "private": "bnVsbA==",
          "dependencies": [
            "aws_api_gateway_method.method",
            "aws_api_gateway_model.model",
            "aws_api_gateway_request_validator.validator",
            "aws_api_gateway_resource.ingest",
            "aws_api_gateway_rest_api.rest"
          ]
        }
      ]
    },
    {
      "mode": "managed",
      "type": "aws_api_gateway_method_response",
      "name": "status_code_400",
      "provider": "provider[\"registry.terraform.io/hashicorp/aws\"]",
      "instances": [
        {
          "schema_version": 0,
          "attributes": {
            "http_method": "POST",
            "id": "agmr-fx79agscbk-u7uzdb8dsj-POST-400",
            "resource_id": "u7uzdb8dsj",
            "response_models": null,
            "response_parameters": {
              "method.response.header.Access-Control-Allow-Origin": true,
              "method.response.header.Content-Type": true
            },
            "rest_api_id": "fx79agscbk",
            "status_code": "400"
          },
          "sensitive_attributes": [],
          "private": "bnVsbA==",
          "dependencies": [
            "aws_api_gateway_method.method",
            "aws_api_gateway_model.model",
            "aws_api_gateway_request_validator.validator",
            "aws_api_gateway_resource.ingest",
            "aws_api_gateway_rest_api.rest"
          ]
        }
      ]
    },
    {
      "mode": "managed",
      "type": "aws_api_gateway_model",
      "name": "model",
      "provider": "provider[\"registry.terraform.io/hashicorp/aws\"]",
      "instances": [
        {
          "schema_version": 0,
          "attributes": {
            "content_type": "application/json",
            "description": "packet format",
            "id": "07621b",
            "name": "packet",
            "rest_api_id": "fx79agscbk",
            "schema": "{\"$schema\":\"http://json-schema.org/draft-04/schema#\",\"properties\":{\"event\":{\"additionalProperties\":true,\"properties\":{\"meta\":{\"type\":\"object\"},\"name\":{\"type\":\"string\"},\"timestamp\":{\"type\":\"number\"},\"type\":{\"type\":\"string\"},\"value\":{\"type\":[\"string\",\"number\",\"boolean\"]}},\"required\":[\"type\",\"name\",\"value\",\"timestamp\"],\"type\":\"object\"}},\"title\":\"EventRecord\",\"type\":\"object\"}"
          },
          "sensitive_attributes": [],
          "private": "bnVsbA==",
          "dependencies": [
            "aws_api_gateway_rest_api.rest"
          ]
        }
      ]
    },
    {
      "mode": "managed",
      "type": "aws_api_gateway_request_validator",
      "name": "validator",
      "provider": "provider[\"registry.terraform.io/hashicorp/aws\"]",
      "instances": [
        {
          "schema_version": 0,
          "attributes": {
            "id": "236315",
            "name": "vr-labs-validator",
            "rest_api_id": "fx79agscbk",
            "validate_request_body": true,
            "validate_request_parameters": true
          },
          "sensitive_attributes": [],
          "private": "bnVsbA==",
          "dependencies": [
            "aws_api_gateway_rest_api.rest"
          ]
        }
      ]
    },
    {
      "mode": "managed",
      "type": "aws_api_gateway_resource",
      "name": "ingest",
      "provider": "provider[\"registry.terraform.io/hashicorp/aws\"]",
      "instances": [
        {
          "schema_version": 0,
          "attributes": {
            "id": "u7uzdb8dsj",
            "parent_id": "iss3et8sxl",
            "path": "/{ingest}",
            "path_part": "{ingest}",
            "rest_api_id": "fx79agscbk"
          },
          "sensitive_attributes": [],
          "private": "bnVsbA==",
          "dependencies": [
            "aws_api_gateway_rest_api.rest"
          ]
        }
      ]
    },
    {
      "mode": "managed",
      "type": "aws_api_gateway_rest_api",
      "name": "rest",
      "provider": "provider[\"registry.terraform.io/hashicorp/aws\"]",
      "instances": [
        {
          "schema_version": 0,
          "attributes": {
            "api_key_source": "HEADER",
            "arn": "arn:aws:apigateway:us-east-1::/restapis/fx79agscbk",
            "binary_media_types": [],
            "body": null,
            "created_date": "2024-01-21T23:37:53Z",
            "description": "",
            "disable_execute_api_endpoint": false,
            "endpoint_configuration": [
              {
                "types": [
                  "EDGE"
                ],
                "vpc_endpoint_ids": []
              }
            ],
            "execution_arn": "arn:aws:execute-api:us-east-1::fx79agscbk",
            "fail_on_warnings": null,
            "id": "fx79agscbk",
            "minimum_compression_size": "",
            "name": "vr-labs-rest_api",
            "parameters": null,
            "policy": "",
            "put_rest_api_mode": null,
            "root_resource_id": "iss3et8sxl",
            "tags": null,
            "tags_all": {}
          },
          "sensitive_attributes": [],
          "private": "bnVsbA=="
        }
      ]
    },
    {
      "mode": "managed",
      "type": "aws_iam_policy",
      "name": "function_logging_policy",
      "provider": "provider[\"registry.terraform.io/hashicorp/aws\"]",
      "instances": [
        {
          "schema_version": 0,
          "attributes": {
            "arn": "arn:aws:iam::000000000000:policy/vr-labs-function_logging_policy",
            "description": "",
            "id": "arn:aws:iam::000000000000:policy/vr-labs-function_logging_policy",
            "name": "vr-labs-function_logging_policy",
            "name_prefix": "",
            "path": "/",
            "policy": "{\"Statement\":[{\"Action\":[\"logs:CreateLogStream\",\"logs:PutLogEvents\"],\"Effect\":\"Allow\",\"Resource\":\"arn:aws:logs:*:*:*\"}],\"Version\":\"2012-10-17\"}",
            "policy_id": "AG3B2SQTB5YHKMACXD2VB",
            "tags": null,
            "tags_all": {}
          },
          "sensitive_attributes": [],
          "private": "bnVsbA=="
        }
      ]
    },
    {
      "mode": "managed",
      "type": "aws_iam_policy",
      "name": "put-record-policy",
      "provider": "provider[\"registry.terraform.io/hashicorp/aws\"]",
      "instances": [
        {
          "schema_version": 0,
          "attributes": {
            "arn": "arn:aws:iam::000000000000:policy/vr-labs-put_record_policy",
            "description": "",
            "id": "arn:aws:iam::000000000000:policy/vr-labs-put_record_policy",
            "name": "vr-labs-put_record_policy",
            "name_prefix": "",
            "path": "/",
            "policy": "{\"Statement\":[{\"Action\":\"kinesis:PutRecord\",\"Effect\":\"Allow\",\"Resource\":\"arn:aws:kinesis:us-east-1:000000000000:stream/vr-labs-timeseries-ingest-stream\"}],\"Version\":\"2012-10-17\"}",
            "policy_id": "A7SB3HXHBDA350514NUDQ",
            "tags": null,
            "tags_all": {}
          },
          "sensitive_attributes": [],
          "private": "bnVsbA==",
          "dependencies": [
            "aws_kinesis_stream.stream",
            "data.aws_caller_identity.current",
            "data.aws_region.current"
          ]
        }
      ]
    },
    {
      "mode": "managed",
      "type": "aws_iam_role",
      "name": "apigw-role",
      "provider": "provider[\"registry.terraform.io/hashicorp/aws\"]",
      "instances": [
        {
          "schema_version": 0,
          "attributes": {
            "arn": "arn:aws:iam::000000000000:role/vr-labs-api_gateway_invocation",
            "assume_role_policy": "{\"Statement\":[{\"Action\":\"sts:AssumeRole\",\"Effect\":\"Allow\",\"Principal\":{\"Service\":\"apigateway.amazonaws.com\"},\"Sid\":\"\"}],\"Version\":\"2012-10-17\"}",
            "create_date": "2024-01-21T23:37:53Z",
            "description": "",
            "force_detach_policies": false,
            "id": "vr-labs-api_gateway_invocation",
            "inline_policy": [],
            "managed_policy_arns": [],
            "max_session_duration": 3600,
            "name": "vr-labs-api_gateway_invocation",
            "name_prefix": "",
            "path": "/",
            "permissions_boundary": null,
            "tags": null,
            "tags_all": {},
            "unique_id": "AROAQAAAAAAAEA44M4OBC"
          },
          "sensitive_attributes": [],
          "private": "bnVsbA=="
        }
      ]
    },
    {
      "mode": "managed",
      "type": "aws_iam_role",
      "name": "role",
      "provider": "provider[\"registry.terraform.io/hashicorp/aws\"]",
      "instances": [
        {
          "schema_version": 0,
          "attributes": {
            "arn": "arn:aws:iam::000000000000:role/vr-labs-iam_role",
            "assume_role_policy": "{\"Statement\":[{\"Action\":\"sts:AssumeRole\",\"Effect\":\"Allow\",\"Principal\":{\"Service\":\"lambda.amazonaws.com\"},\"Sid\":\"\"}],\"Version\":\"2012-10-17\"}",
            "create_date": "2024-01-21T23:37:53Z",
            "description": "",
            "force_detach_policies": false,
            "id": "vr-labs-iam_role",
            "inline_policy": [],
            "managed_policy_arns": [
              "arn:aws:iam::aws:policy/AmazonKinesisFullAccess"
            ],
            "max_session_duration": 3600,
            "name": "vr-labs-iam_role",
            "name_prefix": "",
            "path": "/",
            "permissions_boundary": null,
            "tags": null,
            "tags_all": {},
            "unique_id": "AROAQAAAAAAAHAWUVUF35"
          },
          "sensitive_attributes": [],
          "private": "bnVsbA=="
        }
      ]
    },
    {
      "mode": "managed",
      "type": "aws_iam_role_policy_attachment",
      "name": "apigwy_policy",
      "provider": "provider[\"registry.terraform.io/hashicorp/aws\"]",
      "instances": [
        {
          "schema_version": 0,
          "attributes": {
            "id": "vr-labs-api_gateway_invocation-20240121233823534500000002",
            "policy_arn": "arn:aws:iam::000000000000:policy/vr-labs-put_record_policy",
            "role": "vr-labs-api_gateway_invocation"
          },
          "sensitive_attributes": [],
          "private": "bnVsbA==",
          "dependencies": [
            "aws_iam_policy.put-record-policy",
            "aws_iam_role.apigw-role",
            "aws_kinesis_stream.stream",
            "data.aws_caller_identity.current",
            "data.aws_region.current"
          ]
        }
      ]
    },
    {
      "mode": "managed",
      "type": "aws_iam_role_policy_attachment",
      "name": "function_logging",
      "provider": "provider[\"registry.terraform.io/hashicorp/aws\"]",
      "instances": [
        {
          "schema_version": 0,
          "attributes": {
            "id": "vr-labs-iam_role-20240121233753304100000001",
            "policy_arn": "arn:aws:iam::000000000000:policy/vr-labs-function_logging_policy",
            "role": "vr-labs-iam_role"
          },
          "sensitive_attributes": [],
          "private": "bnVsbA==",
          "dependencies": [
            "aws_iam_policy.function_logging_policy",
            "aws_iam_role.role"
          ]
        }
      ]
    },
    {
      "mode": "managed",
      "type": "aws_kinesis_stream",
      "name": "stream",
      "provider": "provider[\"registry.terraform.io/hashicorp/aws\"]",
      "instances": [
        {
          "schema_version": 1,
          "attributes": {
            "arn": "arn:aws:kinesis:us-east-1:000000000000:stream/vr-labs-timeseries-ingest-stream",
            "encryption_type": "NONE",
            "enforce_consumer_deletion": false,
            "id": "arn:aws:kinesis:us-east-1:000000000000:stream/vr-labs-timeseries-ingest-stream",
            "kms_key_id": "",
            "name": "vr-labs-timeseries-ingest-stream",
            "retention_period": 30,
            "shard_count": 3,
            "shard_level_metrics": [
              "IncomingBytes",
              "IncomingRecords",
              "IteratorAgeMilliseconds",
              "OutgoingBytes",
              "OutgoingRecords",
              "ReadProvisionedThroughputExceeded",
              "WriteProvisionedThroughputExceeded"
            ],
            "stream_mode_details": [
              {
                "stream_mode": "PROVISIONED"
              }
            ],
            "tags": null,
            "tags_all": {},
            "timeouts": null
          },
          "sensitive_attributes": [],
          "private": "eyJlMmJmYjczMC1lY2FhLTExZTYtOGY4OC0zNDM2M2JjN2M0YzAiOnsiY3JlYXRlIjozMDAwMDAwMDAwMDAsImRlbGV0ZSI6NzIwMDAwMDAwMDAwMCwidXBkYXRlIjo3MjAwMDAwMDAwMDAwfSwic2NoZW1hX3ZlcnNpb24iOiIxIn0="
        }
      ]
    }
  ],
  "check_results": null
}
