{
  "version": 4,
  "terraform_version": "1.7.0",
  "serial": 160,
  "lineage": "95f05b63-7509-e485-7ca9-a64c11932080",
  "outputs": {
    "api_endpoint": {
      "value": "http://hytjgz79ia.execute-api.localhost.localstack.cloud:4566/dev/ingest",
      "type": "string"
    }
  },
  "resources": [
    {
      "mode": "data",
      "type": "aws_caller_identity",
      "name": "current",
      "provider": "provider[\"registry.terraform.io/hashicorp/aws\"]",
      "instances": [
        {
          "schema_version": 0,
          "attributes": {
            "account_id": "000000000000",
            "arn": "arn:aws:iam::000000000000:root",
            "id": "000000000000",
            "user_id": "AKIAIOSFODNN7EXAMPLE"
          },
          "sensitive_attributes": []
        }
      ]
    },
    {
      "mode": "data",
      "type": "aws_region",
      "name": "current",
      "provider": "provider[\"registry.terraform.io/hashicorp/aws\"]",
      "instances": [
        {
          "schema_version": 0,
          "attributes": {
            "description": "US East (N. Virginia)",
            "endpoint": "ec2.us-east-1.amazonaws.com",
            "id": "us-east-1",
            "name": "us-east-1"
          },
          "sensitive_attributes": []
        }
      ]
    },
    {
      "mode": "managed",
      "type": "aws_api_gateway_deployment",
      "name": "deployment",
      "provider": "provider[\"registry.terraform.io/hashicorp/aws\"]",
      "instances": [
        {
          "schema_version": 0,
          "attributes": {
            "created_date": "2024-01-19T18:38:48Z",
            "description": "",
            "execution_arn": "arn:aws:execute-api:us-east-1::hytjgz79ia/dev",
            "id": "gpq0ibvfah",
            "invoke_url": "https://hytjgz79ia.execute-api.us-east-1.amazonaws.com/dev",
            "rest_api_id": "hytjgz79ia",
            "stage_description": null,
            "stage_name": "dev",
            "triggers": null,
            "variables": null
          },
          "sensitive_attributes": [],
          "private": "bnVsbA==",
          "dependencies": [
            "aws_api_gateway_integration.integration",
            "aws_api_gateway_method.method",
            "aws_api_gateway_model.model",
            "aws_api_gateway_request_validator.validator",
            "aws_api_gateway_resource.ingest",
            "aws_api_gateway_rest_api.rest",
            "aws_iam_role.apigw-role",
            "aws_kinesis_stream.stream",
            "data.aws_region.current"
          ]
        }
      ]
    },
    {
      "mode": "managed",
      "type": "aws_api_gateway_integration",
      "name": "integration",
      "provider": "provider[\"registry.terraform.io/hashicorp/aws\"]",
      "instances": [
        {
          "schema_version": 0,
          "attributes": {
            "cache_key_parameters": null,
            "cache_namespace": "eryywmiel6",
            "connection_id": "",
            "connection_type": "INTERNET",
            "content_handling": "",
            "credentials": "arn:aws:iam::000000000000:role/vr-labs-api_gateway_invocation",
            "http_method": "POST",
            "id": "agi-hytjgz79ia-eryywmiel6-POST",
            "integration_http_method": "POST",
            "passthrough_behavior": "NEVER",
            "request_parameters": {
              "integration.request.header.Content-Type": "'application/x-amz-json-1.1'"
            },
            "request_templates": {
              "application/json": "            {\n                \"Data\": \"$util.base64Encode($input.body)\",\n                \"PartitionKey\": \"$util.escapeJavaScript($input.params('ingest'))\",\n                \"StreamName\": \"vr-labs-timeseries-ingest-stream\"\n            }\n"
            },
            "resource_id": "eryywmiel6",
            "rest_api_id": "hytjgz79ia",
            "timeout_milliseconds": 29000,
            "tls_config": [],
            "type": "AWS",
            "uri": "arn:aws:apigateway:us-east-1:kinesis:action/PutRecord"
          },
          "sensitive_attributes": [],
          "private": "bnVsbA==",
          "dependencies": [
            "aws_api_gateway_method.method",
            "aws_api_gateway_model.model",
            "aws_api_gateway_request_validator.validator",
            "aws_api_gateway_resource.ingest",
            "aws_api_gateway_rest_api.rest",
            "aws_iam_role.apigw-role",
            "aws_kinesis_stream.stream",
            "data.aws_region.current"
          ]
        }
      ]
    },
    {
      "mode": "managed",
      "type": "aws_api_gateway_integration_response",
      "name": "integration_error_response",
      "provider": "provider[\"registry.terraform.io/hashicorp/aws\"]",
      "instances": [
        {
          "schema_version": 0,
          "attributes": {
            "content_handling": "",
            "http_method": "POST",
            "id": "agir-hytjgz79ia-eryywmiel6-POST-400",
            "resource_id": "eryywmiel6",
            "response_parameters": {
              "method.response.header.Access-Control-Allow-Origin": "'*'",
              "method.response.header.Content-Type": "'application/json'"
            },
            "response_templates": {
              "application/json": "        {\n            \"state\": \"error\",\n            \"mesage\": \"$util.escapeJavaScript($input.path('$.errorMessage'))\"\n        }\n"
            },
            "rest_api_id": "hytjgz79ia",
            "selection_pattern": "4\\d{2}",
            "status_code": "400"
          },
          "sensitive_attributes": [],
          "private": "bnVsbA==",
          "dependencies": [
            "aws_api_gateway_integration.integration",
            "aws_api_gateway_method.method",
            "aws_api_gateway_method_response.status_code_400",
            "aws_api_gateway_model.model",
            "aws_api_gateway_request_validator.validator",
            "aws_api_gateway_resource.ingest",
            "aws_api_gateway_rest_api.rest",
            "aws_iam_role.apigw-role",
            "aws_kinesis_stream.stream",
            "data.aws_region.current"
          ]
        }
      ]
    },
    {
      "mode": "managed",
      "type": "aws_api_gateway_integration_response",
      "name": "integration_success_response",
      "provider": "provider[\"registry.terraform.io/hashicorp/aws\"]",
      "instances": [
        {
          "schema_version": 0,
          "attributes": {
            "content_handling": "",
            "http_method": "POST",
            "id": "agir-hytjgz79ia-eryywmiel6-POST-200",
            "resource_id": "eryywmiel6",
            "response_parameters": {
              "method.response.header.Access-Control-Allow-Origin": "'*'",
              "method.response.header.Content-Type": "'application/json'"
            },
            "response_templates": {
              "application/json": "        {\n            \"state\": \"ok\"\n        }\n"
            },
            "rest_api_id": "hytjgz79ia",
            "selection_pattern": "",
            "status_code": "200"
          },
          "sensitive_attributes": [],
          "private": "bnVsbA==",
          "dependencies": [
            "aws_api_gateway_integration.integration",
            "aws_api_gateway_method.method",
            "aws_api_gateway_method_response.status_code_200",
            "aws_api_gateway_model.model",
            "aws_api_gateway_request_validator.validator",
            "aws_api_gateway_resource.ingest",
            "aws_api_gateway_rest_api.rest",
            "aws_iam_role.apigw-role",
            "aws_kinesis_stream.stream",
            "data.aws_region.current"
          ]
        }
      ]
    },
    {
      "mode": "managed",
      "type": "aws_api_gateway_method",
      "name": "method",
      "provider": "provider[\"registry.terraform.io/hashicorp/aws\"]",
      "instances": [
        {
          "schema_version": 0,
          "attributes": {
            "api_key_required": false,
            "authorization": "NONE",
            "authorization_scopes": null,
            "authorizer_id": null,
            "http_method": "POST",
            "id": "agm-hytjgz79ia-eryywmiel6-POST",
            "operation_name": null,
            "request_models": {
              "application/json": "packet"
            },
            "request_parameters": null,
            "request_validator_id": "2ce20a",
            "resource_id": "eryywmiel6",
            "rest_api_id": "hytjgz79ia"
          },
          "sensitive_attributes": [],
          "private": "bnVsbA==",
          "dependencies": [
            "aws_api_gateway_model.model",
            "aws_api_gateway_request_validator.validator",
            "aws_api_gateway_resource.ingest",
            "aws_api_gateway_rest_api.rest"
          ]
        }
      ]
    },
    {
      "mode": "managed",
      "type": "aws_api_gateway_method_response",
      "name": "status_code_200",
      "provider": "provider[\"registry.terraform.io/hashicorp/aws\"]",
      "instances": [
        {
          "schema_version": 0,
          "attributes": {
            "http_method": "POST",
            "id": "agmr-hytjgz79ia-eryywmiel6-POST-200",
            "resource_id": "eryywmiel6",
            "response_models": null,
            "response_parameters": {
              "method.response.header.Access-Control-Allow-Origin": true,
              "method.response.header.Content-Type": true
            },
            "rest_api_id": "hytjgz79ia",
            "status_code": "200"
          },
          "sensitive_attributes": [],
          "private": "bnVsbA==",
          "dependencies": [
            "aws_api_gateway_method.method",
            "aws_api_gateway_model.model",
            "aws_api_gateway_request_validator.validator",
            "aws_api_gateway_resource.ingest",
            "aws_api_gateway_rest_api.rest"
          ]
        }
      ]
    },
    {
      "mode": "managed",
      "type": "aws_api_gateway_method_response",
      "name": "status_code_400",
      "provider": "provider[\"registry.terraform.io/hashicorp/aws\"]",
      "instances": [
        {
          "schema_version": 0,
          "attributes": {
            "http_method": "POST",
            "id": "agmr-hytjgz79ia-eryywmiel6-POST-400",
            "resource_id": "eryywmiel6",
            "response_models": null,
            "response_parameters": {
              "method.response.header.Access-Control-Allow-Origin": true,
              "method.response.header.Content-Type": true
            },
            "rest_api_id": "hytjgz79ia",
            "status_code": "400"
          },
          "sensitive_attributes": [],
          "private": "bnVsbA==",
          "dependencies": [
            "aws_api_gateway_method.method",
            "aws_api_gateway_model.model",
            "aws_api_gateway_request_validator.validator",
            "aws_api_gateway_resource.ingest",
            "aws_api_gateway_rest_api.rest"
          ]
        }
      ]
    },
    {
      "mode": "managed",
      "type": "aws_api_gateway_model",
      "name": "model",
      "provider": "provider[\"registry.terraform.io/hashicorp/aws\"]",
      "instances": [
        {
          "schema_version": 0,
          "attributes": {
            "content_type": "application/json",
            "description": "packet format",
            "id": "09da54",
            "name": "packet",
            "rest_api_id": "hytjgz79ia",
            "schema": "{\"$schema\":\"http://json-schema.org/draft-04/schema#\",\"properties\":{\"event\":{\"additionalProperties\":true,\"properties\":{\"meta\":{\"type\":\"object\"},\"name\":{\"type\":\"string\"},\"timestamp\":{\"type\":\"number\"},\"type\":{\"type\":\"string\"},\"value\":{\"type\":[\"string\",\"number\",\"boolean\"]}},\"required\":[\"type\",\"name\",\"value\",\"timestamp\"],\"type\":\"object\"}},\"title\":\"EventRecord\",\"type\":\"object\"}"
          },
          "sensitive_attributes": [],
          "private": "bnVsbA==",
          "dependencies": [
            "aws_api_gateway_rest_api.rest"
          ]
        }
      ]
    },
    {
      "mode": "managed",
      "type": "aws_api_gateway_request_validator",
      "name": "validator",
      "provider": "provider[\"registry.terraform.io/hashicorp/aws\"]",
      "instances": [
        {
          "schema_version": 0,
          "attributes": {
            "id": "2ce20a",
            "name": "vr-labs-validator",
            "rest_api_id": "hytjgz79ia",
            "validate_request_body": true,
            "validate_request_parameters": true
          },
          "sensitive_attributes": [],
          "private": "bnVsbA==",
          "dependencies": [
            "aws_api_gateway_rest_api.rest"
          ]
        }
      ]
    },
    {
      "mode": "managed",
      "type": "aws_api_gateway_resource",
      "name": "ingest",
      "provider": "provider[\"registry.terraform.io/hashicorp/aws\"]",
      "instances": [
        {
          "schema_version": 0,
          "attributes": {
            "id": "eryywmiel6",
            "parent_id": "j6vtq1uxch",
            "path": "/{ingest}",
            "path_part": "{ingest}",
            "rest_api_id": "hytjgz79ia"
          },
          "sensitive_attributes": [],
          "private": "bnVsbA==",
          "dependencies": [
            "aws_api_gateway_rest_api.rest"
          ]
        }
      ]
    },
    {
      "mode": "managed",
      "type": "aws_api_gateway_rest_api",
      "name": "rest",
      "provider": "provider[\"registry.terraform.io/hashicorp/aws\"]",
      "instances": [
        {
          "schema_version": 0,
          "attributes": {
            "api_key_source": "HEADER",
            "arn": "arn:aws:apigateway:us-east-1::/restapis/hytjgz79ia",
            "binary_media_types": [],
            "body": null,
            "created_date": "2024-01-19T18:38:16Z",
            "description": "",
            "disable_execute_api_endpoint": false,
            "endpoint_configuration": [
              {
                "types": [
                  "EDGE"
                ],
                "vpc_endpoint_ids": []
              }
            ],
            "execution_arn": "arn:aws:execute-api:us-east-1::hytjgz79ia",
            "fail_on_warnings": null,
            "id": "hytjgz79ia",
            "minimum_compression_size": "",
            "name": "vr-labs-rest_api",
            "parameters": null,
            "policy": "",
            "put_rest_api_mode": null,
            "root_resource_id": "j6vtq1uxch",
            "tags": null,
            "tags_all": {}
          },
          "sensitive_attributes": [],
          "private": "bnVsbA=="
        }
      ]
    },
    {
      "mode": "managed",
      "type": "aws_iam_policy",
      "name": "put-record-policy",
      "provider": "provider[\"registry.terraform.io/hashicorp/aws\"]",
      "instances": [
        {
          "schema_version": 0,
          "attributes": {
            "arn": "arn:aws:iam::000000000000:policy/vr-labs-put_record_policy",
            "description": "",
            "id": "arn:aws:iam::000000000000:policy/vr-labs-put_record_policy",
            "name": "vr-labs-put_record_policy",
            "name_prefix": "",
            "path": "/",
            "policy": "{\"Statement\":[{\"Action\":\"kinesis:PutRecord\",\"Effect\":\"Allow\",\"Resource\":\"arn:aws:kinesis:us-east-1:000000000000:stream/vr-labs-timeseries-ingest-stream\"}],\"Version\":\"2012-10-17\"}",
            "policy_id": "ALODQPCXNO3DX3A3G9CGL",
            "tags": null,
            "tags_all": {}
          },
          "sensitive_attributes": [],
          "private": "bnVsbA==",
          "dependencies": [
            "aws_kinesis_stream.stream",
            "data.aws_caller_identity.current",
            "data.aws_region.current"
          ]
        }
      ]
    },
    {
      "mode": "managed",
      "type": "aws_iam_role",
      "name": "apigw-role",
      "provider": "provider[\"registry.terraform.io/hashicorp/aws\"]",
      "instances": [
        {
          "schema_version": 0,
          "attributes": {
            "arn": "arn:aws:iam::000000000000:role/vr-labs-api_gateway_invocation",
            "assume_role_policy": "{\"Statement\":[{\"Action\":\"sts:AssumeRole\",\"Effect\":\"Allow\",\"Principal\":{\"Service\":\"apigateway.amazonaws.com\"},\"Sid\":\"\"}],\"Version\":\"2012-10-17\"}",
            "create_date": "2024-01-19T18:38:16Z",
            "description": "",
            "force_detach_policies": false,
            "id": "vr-labs-api_gateway_invocation",
            "inline_policy": [],
            "managed_policy_arns": [],
            "max_session_duration": 3600,
            "name": "vr-labs-api_gateway_invocation",
            "name_prefix": "",
            "path": "/",
            "permissions_boundary": null,
            "tags": null,
            "tags_all": {},
            "unique_id": "AROAQAAAAAAANQ3HG6STB"
          },
          "sensitive_attributes": [],
          "private": "bnVsbA=="
        }
      ]
    },
    {
      "mode": "managed",
      "type": "aws_iam_role",
      "name": "role",
      "provider": "provider[\"registry.terraform.io/hashicorp/aws\"]",
      "instances": [
        {
          "schema_version": 0,
          "attributes": {
            "arn": "arn:aws:iam::000000000000:role/vr-labs-iam_role",
            "assume_role_policy": "{\"Statement\":[{\"Action\":\"sts:AssumeRole\",\"Effect\":\"Allow\",\"Principal\":{\"Service\":\"lambda.amazonaws.com\"},\"Sid\":\"\"}],\"Version\":\"2012-10-17\"}",
            "create_date": "2024-01-19T18:38:16Z",
            "description": "",
            "force_detach_policies": false,
            "id": "vr-labs-iam_role",
            "inline_policy": [],
            "managed_policy_arns": [
              "arn:aws:iam::aws:policy/AmazonKinesisFullAccess"
            ],
            "max_session_duration": 3600,
            "name": "vr-labs-iam_role",
            "name_prefix": "",
            "path": "/",
            "permissions_boundary": null,
            "tags": null,
            "tags_all": {},
            "unique_id": "AROAQAAAAAAAAGFCXVOCO"
          },
          "sensitive_attributes": [],
          "private": "bnVsbA=="
        }
      ]
    },
    {
      "mode": "managed",
      "type": "aws_iam_role_policy_attachment",
      "name": "apigwy_policy",
      "provider": "provider[\"registry.terraform.io/hashicorp/aws\"]",
      "instances": [
        {
          "schema_version": 0,
          "attributes": {
            "id": "vr-labs-api_gateway_invocation-20240119183848374900000001",
            "policy_arn": "arn:aws:iam::000000000000:policy/vr-labs-put_record_policy",
            "role": "vr-labs-api_gateway_invocation"
          },
          "sensitive_attributes": [],
          "private": "bnVsbA==",
          "dependencies": [
            "aws_iam_policy.put-record-policy",
            "aws_iam_role.apigw-role",
            "aws_kinesis_stream.stream",
            "data.aws_caller_identity.current",
            "data.aws_region.current"
          ]
        }
      ]
    },
    {
      "mode": "managed",
      "type": "aws_kinesis_stream",
      "name": "stream",
      "provider": "provider[\"registry.terraform.io/hashicorp/aws\"]",
      "instances": [
        {
          "schema_version": 1,
          "attributes": {
            "arn": "arn:aws:kinesis:us-east-1:000000000000:stream/vr-labs-timeseries-ingest-stream",
            "encryption_type": "NONE",
            "enforce_consumer_deletion": false,
            "id": "arn:aws:kinesis:us-east-1:000000000000:stream/vr-labs-timeseries-ingest-stream",
            "kms_key_id": "",
            "name": "vr-labs-timeseries-ingest-stream",
            "retention_period": 30,
            "shard_count": 3,
            "shard_level_metrics": [
              "IncomingBytes",
              "IncomingRecords",
              "IteratorAgeMilliseconds",
              "OutgoingBytes",
              "OutgoingRecords",
              "ReadProvisionedThroughputExceeded",
              "WriteProvisionedThroughputExceeded"
            ],
            "stream_mode_details": [
              {
                "stream_mode": "PROVISIONED"
              }
            ],
            "tags": null,
            "tags_all": {},
            "timeouts": null
          },
          "sensitive_attributes": [],
          "private": "eyJlMmJmYjczMC1lY2FhLTExZTYtOGY4OC0zNDM2M2JjN2M0YzAiOnsiY3JlYXRlIjozMDAwMDAwMDAwMDAsImRlbGV0ZSI6NzIwMDAwMDAwMDAwMCwidXBkYXRlIjo3MjAwMDAwMDAwMDAwfSwic2NoZW1hX3ZlcnNpb24iOiIxIn0="
        }
      ]
    },
    {
      "mode": "managed",
      "type": "aws_lambda_event_source_mapping",
      "name": "example",
      "provider": "provider[\"registry.terraform.io/hashicorp/aws\"]",
      "instances": [
        {
          "schema_version": 0,
          "attributes": {
            "amazon_managed_kafka_event_source_config": [],
            "batch_size": 5,
            "bisect_batch_on_function_error": false,
            "destination_config": [
              {
                "on_failure": [
                  {
                    "destination_arn": null
                  }
                ]
              }
            ],
            "document_db_event_source_config": [],
            "enabled": true,
            "event_source_arn": "arn:aws:kinesis:us-east-1:000000000000:stream/vr-labs-timeseries-ingest-stream",
            "filter_criteria": [],
            "function_arn": "arn:aws:lambda:us-east-1:000000000000:function:consumer",
            "function_name": "arn:aws:lambda:us-east-1:000000000000:function:consumer",
            "function_response_types": null,
            "id": "3ae9c886-0c42-40c9-a384-98cc9d53c71a",
            "last_modified": "2024-01-19T18:38:48Z",
            "last_processing_result": "No records processed",
            "maximum_batching_window_in_seconds": 0,
            "maximum_record_age_in_seconds": -1,
            "maximum_retry_attempts": -1,
            "parallelization_factor": 1,
            "queues": null,
            "scaling_config": [],
            "self_managed_event_source": [],
            "self_managed_kafka_event_source_config": [],
            "source_access_configuration": [],
            "starting_position": "LATEST",
            "starting_position_timestamp": "",
            "state": "Enabled",
            "state_transition_reason": "User action",
            "topics": null,
            "tumbling_window_in_seconds": 0,
            "uuid": "3ae9c886-0c42-40c9-a384-98cc9d53c71a"
          },
          "sensitive_attributes": [],
          "private": "bnVsbA==",
          "dependencies": [
            "aws_iam_role.role",
            "aws_kinesis_stream.stream",
            "aws_lambda_function.consumer"
          ]
        }
      ]
    },
    {
      "mode": "managed",
      "type": "aws_lambda_function",
      "name": "consumer",
      "provider": "provider[\"registry.terraform.io/hashicorp/aws\"]",
      "instances": [
        {
          "schema_version": 0,
          "attributes": {
            "architectures": [
              "x86_64"
            ],
            "arn": "arn:aws:lambda:us-east-1:000000000000:function:consumer",
            "code_signing_config_arn": "",
            "dead_letter_config": [],
            "description": "",
            "environment": [
              {
                "variables": {
                  "INFLUXDB_BUCKET": "telemetry",
                  "INFLUXDB_ORG": "vrlabs",
                  "INFLUXDB_TOKEN": "my-super-secret-auth-token",
                  "INFLUXDB_URL": "http://host.docker.internal:8086",
                  "TIMESTAMP_PRECISION": "ms"
                }
              }
            ],
            "ephemeral_storage": [
              {
                "size": 512
              }
            ],
            "file_system_config": [],
            "filename": "../../functions/aws-kinesis-consumer/1.0.0.zip",
            "function_name": "consumer",
            "handler": "index.handler",
            "id": "consumer",
            "image_config": [],
            "image_uri": "",
            "invoke_arn": "arn:aws:apigateway:us-east-1:lambda:path/2015-03-31/functions/arn:aws:lambda:us-east-1:000000000000:function:consumer/invocations",
            "kms_key_arn": "",
            "last_modified": "2024-01-19T18:38:18.533987+0000",
            "layers": null,
            "memory_size": 128,
            "package_type": "Zip",
            "publish": false,
            "qualified_arn": "arn:aws:lambda:us-east-1:000000000000:function:consumer:$LATEST",
            "qualified_invoke_arn": "arn:aws:apigateway:us-east-1:lambda:path/2015-03-31/functions/arn:aws:lambda:us-east-1:000000000000:function:consumer:$LATEST/invocations",
            "replace_security_groups_on_destroy": null,
            "replacement_security_group_ids": null,
            "reserved_concurrent_executions": -1,
            "role": "arn:aws:iam::000000000000:role/vr-labs-iam_role",
            "runtime": "nodejs16.x",
            "s3_bucket": null,
            "s3_key": null,
            "s3_object_version": null,
            "signing_job_arn": "",
            "signing_profile_version_arn": "",
            "skip_destroy": false,
            "snap_start": [],
            "source_code_hash": "OGGWU1bdKVivxawWR7jCYMuRZo/XN1FQhMXrkgT3dWE=",
            "source_code_size": 13118697,
            "tags": null,
            "tags_all": {},
            "timeout": 3,
            "timeouts": null,
            "tracing_config": [
              {
                "mode": "PassThrough"
              }
            ],
            "version": "$LATEST",
            "vpc_config": []
          },
          "sensitive_attributes": [],
          "private": "eyJlMmJmYjczMC1lY2FhLTExZTYtOGY4OC0zNDM2M2JjN2M0YzAiOnsiY3JlYXRlIjo2MDAwMDAwMDAwMDAsImRlbGV0ZSI6NjAwMDAwMDAwMDAwLCJ1cGRhdGUiOjYwMDAwMDAwMDAwMH19",
          "dependencies": [
            "aws_iam_role.role"
          ]
        }
      ]
    }
  ],
  "check_results": null
}
